
Microsoft Visual Studio Solution File, Format Version 12.00
# Visual Studio Version 17
VisualStudioVersion = 17.4.33213.308
MinimumVisualStudioVersion = 10.0.40219.1
Project("{FAE04EC0-301F-11D3-BF4B-00C04F79EFBC}") = "PasswordHasher", "PasswordHasher.csproj", "{0729B73E-4EDC-499B-B1F4-09136FAF5538}"
EndProject
Global
	GlobalSection(SolutionConfigurationPlatforms) = preSolution
		Debug|Any CPU = Debug|Any CPU
		Release|Any CPU = Release|Any CPU
	EndGlobalSection
	GlobalSection(ProjectConfigurationPlatforms) = postSolution
		{0729B73E-4EDC-499B-B1F4-09136FAF5538}.Debug|Any CPU.ActiveCfg = Debug|Any CPU
		{0729B73E-4EDC-499B-B1F4-09136FAF5538}.Debug|Any CPU.Build.0 = Debug|Any CPU
		{0729B73E-4EDC-499B-B1F4-09136FAF5538}.Release|Any CPU.ActiveCfg = Release|Any CPU
		{0729B73E-4EDC-499B-B1F4-09136FAF5538}.Release|Any CPU.Build.0 = Release|Any CPU
	EndGlobalSection
	GlobalSection(SolutionProperties) = preSolution
		HideSolutionNode = FALSE
	EndGlobalSection
	GlobalSection(ExtensibilityGlobals) = postSolution
		SolutionGuid = {7DC0384D-024D-4384-B5C5-FA1BEF680454}
	EndGlobalSection
EndGlobal
